
Microsoft Visual Studio Solution File, Format Version 12.00
# Visual Studio Version 17
VisualStudioVersion = 17.11.35312.102
MinimumVisualStudioVersion = 10.0.40219.1
Project("{FAE04EC0-301F-11D3-BF4B-00C04F79EFBC}") = "temperatuur", "temperatuur.csproj", "{FC306537-B916-4073-AF15-1670ABE33432}"
EndProject
Global
	GlobalSection(SolutionConfigurationPlatforms) = preSolution
		Debug|Any CPU = Debug|Any CPU
		Release|Any CPU = Release|Any CPU
	EndGlobalSection
	GlobalSection(ProjectConfigurationPlatforms) = postSolution
		{FC306537-B916-4073-AF15-1670ABE33432}.Debug|Any CPU.ActiveCfg = Debug|Any CPU
		{FC306537-B916-4073-AF15-1670ABE33432}.Debug|Any CPU.Build.0 = Debug|Any CPU
		{FC306537-B916-4073-AF15-1670ABE33432}.Release|Any CPU.ActiveCfg = Release|Any CPU
		{FC306537-B916-4073-AF15-1670ABE33432}.Release|Any CPU.Build.0 = Release|Any CPU
	EndGlobalSection
	GlobalSection(SolutionProperties) = preSolution
		HideSolutionNode = FALSE
	EndGlobalSection
	GlobalSection(ExtensibilityGlobals) = postSolution
		SolutionGuid = {DE6B836D-31F0-4358-8569-4A4F80311E6B}
	EndGlobalSection
EndGlobal
